Microsoft Visual Studio Solution File, Format Version 12.00
# Visual Studio Version 17
VisualStudioVersion = 17.5.2.0
MinimumVisualStudioVersion = 10.0.40219.1
Project("{FAE04EC0-301F-11D3-BF4B-00C04F79EFBC}") = "WeatherNewsWeb", "WeatherNewsWeb.csproj", "{37FAC933-5795-807C-5C73-D605EA2A8722}"
EndProject
Global
	GlobalSection(SolutionConfigurationPlatforms) = preSolution
		Debug|Any CPU = Debug|Any CPU
		Release|Any CPU = Release|Any CPU
	EndGlobalSection
	GlobalSection(ProjectConfigurationPlatforms) = postSolution
		{37FAC933-5795-807C-5C73-D605EA2A8722}.Debug|Any CPU.ActiveCfg = Debug|Any CPU
		{37FAC933-5795-807C-5C73-D605EA2A8722}.Debug|Any CPU.Build.0 = Debug|Any CPU
		{37FAC933-5795-807C-5C73-D605EA2A8722}.Release|Any CPU.ActiveCfg = Release|Any CPU
		{37FAC933-5795-807C-5C73-D605EA2A8722}.Release|Any CPU.Build.0 = Release|Any CPU
	EndGlobalSection
	GlobalSection(SolutionProperties) = preSolution
		HideSolutionNode = FALSE
	EndGlobalSection
	GlobalSection(ExtensibilityGlobals) = postSolution
		SolutionGuid = {00F023CF-4DCF-4838-B185-438C6AC9C223}
	EndGlobalSection
EndGlobal
